{
    "version": 3,
    "terraform_version": "0.11.11",
    "serial": 2,
    "lineage": "955e660e-e59d-2d13-ac07-48f71679f1b5",
    "modules": [
        {
            "path": [
                "root"
            ],
            "outputs": {},
            "resources": {
                "google_container_cluster.gke-cluster": {
                    "type": "google_container_cluster",
                    "depends_on": [],
                    "primary": {
                        "id": "gke-cluster-1",
                        "attributes": {
                            "additional_zones.#": "0",
                            "addons_config.#": "1",
                            "addons_config.0.horizontal_pod_autoscaling.#": "0",
                            "addons_config.0.http_load_balancing.#": "0",
                            "addons_config.0.kubernetes_dashboard.#": "1",
                            "addons_config.0.kubernetes_dashboard.0.disabled": "true",
                            "addons_config.0.network_policy_config.#": "1",
                            "addons_config.0.network_policy_config.0.disabled": "true",
                            "cluster_autoscaling.#": "0",
                            "cluster_ipv4_cidr": "10.12.0.0/14",
                            "description": "",
                            "enable_binary_authorization": "false",
                            "enable_kubernetes_alpha": "false",
                            "enable_legacy_abac": "false",
                            "enable_tpu": "false",
                            "endpoint": "35.195.101.211",
                            "id": "gke-cluster-1",
                            "initial_node_count": "3",
                            "instance_group_urls.#": "1",
                            "instance_group_urls.0": "https://www.googleapis.com/compute/v1/projects/clarapcp-ea-ilyas-husein/zones/europe-west1-b/instanceGroups/gke-gke-cluster-1-default-pool-f3a6a5a3-grp",
                            "ip_allocation_policy.#": "0",
                            "logging_service": "logging.googleapis.com",
                            "maintenance_policy.#": "0",
                            "master_auth.#": "1",
                            "master_auth.0.client_certificate": "LS0tLS1CRUdJTiBDRVJUSUZJQ0FURS0tLS0tCk1JSUMyakNDQWNLZ0F3SUJBZ0lRS21BM2ZSaG5YMkdkWko4bkZPaUFjVEFOQmdrcWhraUc5dzBCQVFzRkFEQXYKTVMwd0t3WURWUVFERXlReE5XUm1OREEyWVMxaE1ESmhMVFJoT0RVdFlqUm1aQzFqT0RNNU1qQTBPVGswTWpjdwpIaGNOTVRrd01USTNNREUwTlRBeVdoY05NalF3TVRJMk1ERTBOVEF5V2pBUk1ROHdEUVlEVlFRREV3WmpiR2xsCmJuUXdnZ0VpTUEwR0NTcUdTSWIzRFFFQkFRVUFBNElCRHdBd2dnRUtBb0lCQVFDOEIvVzFaczdaeFl6ZGY3ZHMKdGZzTGRkWVB0ak1pUUxhcUZoeTFqRDFYR0xySXcxU3lNWTFaM0ErZWFiZ3h5NXpYK211ZDdHSWcxYjcyN2xISAorZERCWWZ6UW1YdWZxSGlyamxXS2NHZ01xNkN1QzdTZFIwSTNwaVpteEhNK0ZqNVJueGRGYzRDbFZpSkpjTWtHCjFPczZWN1l1MXhPR01kTXVteTg4dWJrSGg1bmd6d3BydmhaUTNPOUtjUFZqbjJsQnJ4MjRuK0c1ODhocW1YOEgKekN6ajdvUjMxR1JxY1pVMnVRb05ETWRjdFdhUncyVDlvYjJrVmtkeGc3VjRiTTRjYUVkSUpvbEswT3pMaHl6UAphbll4YUphbGQ1Nm0rU3YxT2d4VDVHblFmVjVCMkhSbGJUUyt6c0VkWnZFbjhSZmF6ZTljZWR5TlY4Q2pSTi9hCmpibFJBZ01CQUFHakVEQU9NQXdHQTFVZEV3RUIvd1FDTUFBd0RRWUpLb1pJaHZjTkFRRUxCUUFEZ2dFQkFEWFgKcklYQit2c05GcXdMa2t1amlqZEUvMm1ESzhKVFNLQUpLNkZsd2daSDBSZWN5eWtJbDNuN2pqaVY4aHFlVXpSZQoxQ1QxMGtOTklsc2lhRWJGaWVqWlp3NVpaYWpZcHUxakUraVFOR2VyU2ljN0x3SjBqTngreHdqY2tGaFdQbXQ3CnFLQ3FrNmN4dS9qSkl3RnFqcjcxUHlYOWNQU3liK1NYQzVCaFhhRnpjZ1RUTGhuajdmOU5RY3lPckpMdzVPNEgKNlFxY2JPTmNEbHdPMUI5V3E3QnVrSmx3UFoxUGE2Nk90akxQMXBhZnRINDFURHlDWmJLQXgyR1U5UVNKaUEyQQp1djU5S2gySjZyRXJSTi9KVkNLRUhpRDJBSFBaMjhOMlZkRHRkYVdIOTZEWlM0M1hGNkFtcnUyT2JVZm9qUzk0Cno4bk9FODVjSEYrVU5WSjJIWUk9Ci0tLS0tRU5EIENFUlRJRklDQVRFLS0tLS0K",
                            "master_auth.0.client_certificate_config.#": "0",
                            "master_auth.0.client_key": "LS0tLS1CRUdJTiBSU0EgUFJJVkFURSBLRVktLS0tLQpNSUlFcEFJQkFBS0NBUUVBdkFmMXRXYk8yY1dNM1grM2JMWDdDM1hXRDdZeklrQzJxaFljdFl3OVZ4aTZ5TU5VCnNqR05XZHdQbm1tNE1jdWMxL3BybmV4aUlOVys5dTVSeC9uUXdXSDgwSmw3bjZoNHE0NVZpbkJvREt1Z3JndTAKblVkQ042WW1ac1J6UGhZK1VaOFhSWE9BcFZZaVNYREpCdFRyT2xlMkx0Y1RoakhUTHBzdlBMbTVCNGVaNE04SwphNzRXVU56dlNuRDFZNTlwUWE4ZHVKL2h1ZlBJYXBsL0I4d3M0KzZFZDlSa2FuR1ZOcmtLRFF6SFhMVm1rY05rCi9hRzlwRlpIY1lPMWVHek9IR2hIU0NhSlN0RHN5NGNzejJwMk1XaVdwWGVlcHZrcjlUb01VK1JwMEgxZVFkaDAKWlcwMHZzN0JIV2J4Si9FWDJzM3ZYSG5jalZmQW8wVGYybzI1VVFJREFRQUJBb0lCQURpMHU5UzN5eFVnLzBFRApsZGs2cnBtL3NVMXV1TkFSTFNWeFlyb2JyNW9YTXFsK1F3bzBhSGticFRnMGtPQ3ZrNzhNM2l5eno4b3dQQld6ClBNV3U0TmFaU3duTDU5ejREV0JMbmgrUWs4aVNiL1JkUWx5V1UzRjk4YUhYaUJ2RzBJZUVENXdaMzhlOUNMMFcKUHdJSTcySGFkdTU4WFg2QWd6eFFmN2YwR01tY2hwalRFODVQaXNzQzVrdnRNZkx3Y2pLTk4zdUI4MkxuL0tZUgpESTVaTDBHYW1VVG5VTEtIQmxIaUlzQjB6MzNZM2dmNzV3WjJzYWRrU0V0aXczTHZjNTJXS3U5c2ltelFTcSthClR4dGo5M0NoTE10VzgraTFGa3pUR3BoYnkwZnFweUswWExFOGF1Lzl4ejdOOEVJNWhzYjNuY3RaL1h0VVVMcXgKazhKV0JZTUNnWUVBNFloT1p4am9KemFBWExIWFJqbzZ2OW4vc2htMG5jT1RaWm9YRUhDbHBJZndwSkg5NFM4ZwpGUzJ3MlF5bURSTm55eU5rV1FPUVp2Q1N0NGgxbHFQdFJlQ3V5TTZ3UTBHVFd6amZnT2wwaUFPNXBGcjIxRWhkCk5ZempCZ3UwWFM5YU1zMlRQenNYdUVlZXJ1R20xdUM3Tm95b1lFZFp3S25JRlgwVTNHUGhXSGNDZ1lFQTFXNjYKREY2endEOGVUS2VlYnRUTzQ5akgvMUpuSTJPQXl0L1N3d3h6clMzNjBjZVBjb1MrU0toeUZ1VURLemxJWUR2TQpqYi8wRTlJZWREcUo1ejNrNG90U0V3dU1HYnZnK0pyaTZEY3ZXRGd1RHBSQ0M1aXJQeFFzL1BuZzBzNkN5bi8rCkRlc0FUVDNzQWxpWDRMY081K3lRVjdFR1VwaWdob2FiekdxZnRuY0NnWUVBeDliMjJlVzQ5OTRVT1k2ZjJTdUoKbVN2NnBQNmdDMWNjQ1dCVFpZN2JSNEhwR25uK1F3VjE0UzQrVU9ValVkekxFTFhJbWhOTlpkbHZ0ODdqbXRxZwpTVlhBcWxCeTRQVi9NOHFlU09VVUM5MTVKb2d2eElSbWl5Zk9sakhTM09zemVtYXNQZEFId1pNOHFXdHJZV1Y2Cm5laGUzZ2o3SDN1UnZuQzZCbHMrZHhzQ2dZRUFneWNYaktKbE1xMldvT1FmcDF0K0J1VWZnUFhTQ3gwSjk2Q3kKa3NrRURGZEUyY1FYa2ZlZ05tWE1OZVZrblJzR0xweVFoa3ArWWUrc1p4L1J2aGQ2bnZ1ZDQ3WWswV3R5UTFKcQpQT2dzWDdtbUU2OW5KbGthWWhpenpJQ0Fkd29QdFFBUnpkdXF3OHhaU3RmRi9JQ0EyR08yRHl6cEJiaGtiRVlyClZ1SHVZdUVDZ1lBUldrNlF0em1nWEdMeDB5WWVGL3laZGJON3MvRkJ1ajB5Q2hFVmVWNzB4Q2RrclFmQWNNdnAKVnZ5U0JFYThwaElQc3JiT2Mra29iRlpqVHJlQjVsTDd0NEk1QW5pcEdYT1NXcTRCbzBEM25ZajRiVTlUNDV3LwpraU9haiszQkZMOUtUZVZMbWtNRzRzaEJMOTJrbzA5ejU5cTB1ZWFuTWdhREZieWZhTi81TVE9PQotLS0tLUVORCBSU0EgUFJJVkFURSBLRVktLS0tLQo=",
                            "master_auth.0.cluster_ca_certificate": "LS0tLS1CRUdJTiBDRVJUSUZJQ0FURS0tLS0tCk1JSURDekNDQWZPZ0F3SUJBZ0lRVzU5M3JQbmMxeEhMNUFJQldCUjkzVEFOQmdrcWhraUc5dzBCQVFzRkFEQXYKTVMwd0t3WURWUVFERXlReE5XUm1OREEyWVMxaE1ESmhMVFJoT0RVdFlqUm1aQzFqT0RNNU1qQTBPVGswTWpjdwpIaGNOTVRrd01USTNNREEwTlRBeVdoY05NalF3TVRJMk1ERTBOVEF5V2pBdk1TMHdLd1lEVlFRREV5UXhOV1JtCk5EQTJZUzFoTURKaExUUmhPRFV0WWpSbVpDMWpPRE01TWpBME9UazBNamN3Z2dFaU1BMEdDU3FHU0liM0RRRUIKQVFVQUE0SUJEd0F3Z2dFS0FvSUJBUUMyeCtPeWptZVZlTTN1VzlOSjR0ZUdHR25tZWdFbUdud2xpVjFmdGtuVAo5ZnU1T2xaNTFCZ0lsSWNPUEFQeVc3MlFBVlJDYTZqamsveWhtN2xwSnN4Kzh4UU1RZ05JbHNTektsQk8wOENrCllFNDZlLzBDVy9KVG9pQnRObXB5ZEVtUUZQWktxUzBHUVZCOXhiQ2lCUUFZUVBuTS95bkQ2TFpjbkc5NHNPNXUKMk9qYUliWCthOXNHNGNVdFFRcVdsVU1jcE1IN2s2bkovSldEZjJVUXVoOE1SSktMdG8vSGtDblVhSFpyeUJaKwpVUnNxN3pNUnVsNVREbTFvM1JtWUl2enE0ZHpSeXdJSDEyaGZON3hZWjV5OXQ3dVY4cWlBczU4Rkw0aXhSREQwCllid3Q2aEZMU1BqRHlHY2hUeFVFamxoR3RuNGpodDdmVDRGUm93ZXNaMERyQWdNQkFBR2pJekFoTUE0R0ExVWQKRHdFQi93UUVBd0lDQkRBUEJnTlZIUk1CQWY4RUJUQURBUUgvTUEwR0NTcUdTSWIzRFFFQkN3VUFBNElCQVFBUgp0SFdjVzdJNkRUK0trNWFhSXA5dlpUN0tMY1dDOUZmZlhqV2pySGhjTC9kS0RJNFNCUGlwY3J4ZWpZRW13ZmxWCm42cnpHbmZSTm9sbnNuMTJkNnppTlFiOXlZK25SVWxzYnVtZDM5b3RiU2o0cERFZFRXdG1zdXhETGNENTNuTUMKYU1qcVcvQ0tmbGZYR3ZLdzJIdWFibm1vd0NqanRnK21sTm5YN1M4UjUvMVQxdU5UK3I5S2x4ZWJzcHV5OHIzSApSQnhKSkloR1V0U2V4VVhydUdSN3hMQXB4TVVjYWtETDNIa21pcmhRb1oxSStCbVM2Z1poUkZyNFdMY1pxNDdMCnY1S3IrYnZvdHVOWm0rcXVkVE1velZxUzlIc1hnMHkyU0JrSW42UjE0RXFtN3E2RmExN1JyaTNkc0FTbFpMM1cKQXF3dUVlMDhla21IbGhMVHpkQUwKLS0tLS1FTkQgQ0VSVElGSUNBVEUtLS0tLQo=",
                            "master_auth.0.password": "yibCdyN2zUhmfsTx",
                            "master_auth.0.username": "admin",
                            "master_authorized_networks_config.#": "0",
                            "master_ipv4_cidr_block": "",
                            "master_version": "1.10.11-gke.1",
                            "monitoring_service": "monitoring.googleapis.com",
                            "name": "gke-cluster-1",
                            "network": "projects/clarapcp-ea-ilyas-husein/global/networks/claranet-test",
                            "network_policy.#": "1",
                            "network_policy.0.enabled": "false",
                            "network_policy.0.provider": "PROVIDER_UNSPECIFIED",
                            "node_config.#": "1",
                            "node_config.0.disk_size_gb": "100",
                            "node_config.0.disk_type": "pd-standard",
                            "node_config.0.guest_accelerator.#": "0",
                            "node_config.0.image_type": "COS",
                            "node_config.0.labels.%": "1",
                            "node_config.0.labels.this-is-for": "dev-cluster",
                            "node_config.0.local_ssd_count": "0",
                            "node_config.0.machine_type": "n1-standard-1",
                            "node_config.0.metadata.%": "0",
                            "node_config.0.min_cpu_platform": "",
                            "node_config.0.oauth_scopes.#": "4",
                            "node_config.0.oauth_scopes.1277378754": "https://www.googleapis.com/auth/monitoring",
                            "node_config.0.oauth_scopes.1632638332": "https://www.googleapis.com/auth/devstorage.read_only",
                            "node_config.0.oauth_scopes.172152165": "https://www.googleapis.com/auth/logging.write",
                            "node_config.0.oauth_scopes.299962681": "https://www.googleapis.com/auth/compute",
                            "node_config.0.preemptible": "false",
                            "node_config.0.service_account": "default",
                            "node_config.0.tags.#": "3",
                            "node_config.0.tags.0": "jenkins",
                            "node_config.0.tags.1": "ssh",
                            "node_config.0.tags.2": "http-server",
                            "node_config.0.taint.#": "0",
                            "node_config.0.workload_metadata_config.#": "0",
                            "node_pool.#": "1",
                            "node_pool.0.autoscaling.#": "0",
                            "node_pool.0.initial_node_count": "3",
                            "node_pool.0.instance_group_urls.#": "1",
                            "node_pool.0.instance_group_urls.0": "https://www.googleapis.com/compute/v1/projects/clarapcp-ea-ilyas-husein/zones/europe-west1-b/instanceGroupManagers/gke-gke-cluster-1-default-pool-f3a6a5a3-grp",
                            "node_pool.0.management.#": "1",
                            "node_pool.0.management.0.auto_repair": "false",
                            "node_pool.0.management.0.auto_upgrade": "false",
                            "node_pool.0.max_pods_per_node": "0",
                            "node_pool.0.name": "default-pool",
                            "node_pool.0.name_prefix": "",
                            "node_pool.0.node_config.#": "1",
                            "node_pool.0.node_config.0.disk_size_gb": "100",
                            "node_pool.0.node_config.0.disk_type": "pd-standard",
                            "node_pool.0.node_config.0.guest_accelerator.#": "0",
                            "node_pool.0.node_config.0.image_type": "COS",
                            "node_pool.0.node_config.0.labels.%": "1",
                            "node_pool.0.node_config.0.labels.this-is-for": "dev-cluster",
                            "node_pool.0.node_config.0.local_ssd_count": "0",
                            "node_pool.0.node_config.0.machine_type": "n1-standard-1",
                            "node_pool.0.node_config.0.metadata.%": "0",
                            "node_pool.0.node_config.0.min_cpu_platform": "",
                            "node_pool.0.node_config.0.oauth_scopes.#": "4",
                            "node_pool.0.node_config.0.oauth_scopes.1277378754": "https://www.googleapis.com/auth/monitoring",
                            "node_pool.0.node_config.0.oauth_scopes.1632638332": "https://www.googleapis.com/auth/devstorage.read_only",
                            "node_pool.0.node_config.0.oauth_scopes.172152165": "https://www.googleapis.com/auth/logging.write",
                            "node_pool.0.node_config.0.oauth_scopes.299962681": "https://www.googleapis.com/auth/compute",
                            "node_pool.0.node_config.0.preemptible": "false",
                            "node_pool.0.node_config.0.service_account": "default",
                            "node_pool.0.node_config.0.tags.#": "3",
                            "node_pool.0.node_config.0.tags.0": "jenkins",
                            "node_pool.0.node_config.0.tags.1": "ssh",
                            "node_pool.0.node_config.0.tags.2": "http-server",
                            "node_pool.0.node_config.0.taint.#": "0",
                            "node_pool.0.node_config.0.workload_metadata_config.#": "0",
                            "node_pool.0.node_count": "3",
                            "node_pool.0.version": "1.10.11-gke.1",
                            "node_version": "1.10.11-gke.1",
                            "pod_security_policy_config.#": "0",
                            "private_cluster": "false",
                            "private_cluster_config.#": "0",
                            "project": "clarapcp-ea-ilyas-husein",
                            "resource_labels.%": "0",
                            "subnetwork": "projects/clarapcp-ea-ilyas-husein/regions/europe-west1/subnetworks/claranet-test",
                            "zone": "europe-west1-b"
                        },
                        "meta": {
                            "e2bfb730-ecaa-11e6-8f88-34363bc7c4c0": {
                                "create": 1800000000000,
                                "delete": 1800000000000,
                                "update": 600000000000
                            },
                            "schema_version": "1"
                        },
                        "tainted": false
                    },
                    "deposed": [],
                    "provider": "provider.google"
                }
            },
            "depends_on": []
        }
    ]
}
